// !$*UTF8*$!
{
	archiveVersion = 1;
	classes = {
	};
	objectVersion = 50;
	objects = {

/* Begin PBXBuildFile section */
		514F1BB1215647E3003E1848 /* AppDelegate.swift in Sources */ = {isa = PBXBuildFile; fileRef = 514F1BB0215647E3003E1848 /* AppDelegate.swift */; };
		514F1BB3215647E3003E1848 /* ViewController.swift in Sources */ = {isa = PBXBuildFile; fileRef = 514F1BB2215647E3003E1848 /* ViewController.swift */; };
		514F1BB6215647E3003E1848 /* Main.storyboard in Resources */ = {isa = PBXBuildFile; fileRef = 514F1BB4215647E3003E1848 /* Main.storyboard */; };
		514F1BB8215647E4003E1848 /* Assets.xcassets in Resources */ = {isa = PBXBuildFile; fileRef = 514F1BB7215647E4003E1848 /* Assets.xcassets */; };
		514F1BBB215647E4003E1848 /* LaunchScreen.storyboard in Resources */ = {isa = PBXBuildFile; fileRef = 514F1BB9215647E4003E1848 /* LaunchScreen.storyboard */; };
		514F1BC321564901003E1848 /* .gitignore in Resources */ = {isa = PBXBuildFile; fileRef = 514F1BC221564901003E1848 /* .gitignore */; };
		514F1BC521564927003E1848 /* README.md in Resources */ = {isa = PBXBuildFile; fileRef = 514F1BC421564927003E1848 /* README.md */; };
/* End PBXBuildFile section */

/* Begin PBXFileReference section */
		514F1BAD215647E3003E1848 /* Easy Browser.app */ = {isa = PBXFileReference; explicitFileType = wrapper.application; includeInIndex = 0; path = "Easy Browser.app"; sourceTree = BUILT_PRODUCTS_DIR; };
		514F1BB0215647E3003E1848 /* AppDelegate.swift */ = {isa = PBXFileReference; lastKnownFileType = sourcecode.swift; path = AppDelegate.swift; sourceTree = "<group>"; };
		514F1BB2215647E3003E1848 /* ViewController.swift */ = {isa = PBXFileReference; lastKnownFileType = sourcecode.swift; path = ViewController.swift; sourceTree = "<group>"; };
		514F1BB5215647E3003E1848 /* Base */ = {isa = PBXFileReference; lastKnownFileType = file.storyboard; name = Base; path = Base.lproj/Main.storyboard; sourceTree = "<group>"; };
		514F1BB7215647E4003E1848 /* Assets.xcassets */ = {isa = PBXFileReference; lastKnownFileType = folder.assetcatalog; path = Assets.xcassets; sourceTree = "<group>"; };
		514F1BBA215647E4003E1848 /* Base */ = {isa = PBXFileReference; lastKnownFileType = file.storyboard; name = Base; path = Base.lproj/LaunchScreen.storyboard; sourceTree = "<group>"; };
		514F1BBC215647E4003E1848 /* Info.plist */ = {isa = PBXFileReference; lastKnownFileType = text.plist.xml; path = Info.plist; sourceTree = "<group>"; };
		514F1BC221564901003E1848 /* .gitignore */ = {isa = PBXFileReference; lastKnownFileType = text; path = .gitignore; sourceTree = "<group>"; };
		514F1BC421564927003E1848 /* README.md */ = {isa = PBXFileReference; fileEncoding = 4; lastKnownFileType = net.daringfireball.markdown; path = README.md; sourceTree = "<group>"; };
/* End PBXFileReference section */

/* Begin PBXFrameworksBuildPhase section */
		514F1BAA215647E3003E1848 /* Frameworks */ = {
			isa = PBXFrameworksBuildPhase;
			buildActionMask = 2147483647;
			files = (
			);
			runOnlyForDeploymentPostprocessing = 0;
		};
/* End PBXFrameworksBuildPhase section */

/* Begin PBXGroup section */
		514F1BA4215647E3003E1848 = {
			isa = PBXGroup;
			children = (
				514F1BC421564927003E1848 /* README.md */,
				514F1BC221564901003E1848 /* .gitignore */,
				514F1BAF215647E3003E1848 /* Easy Browser */,
				514F1BAE215647E3003E1848 /* Products */,
			);
			sourceTree = "<group>";
		};
		514F1BAE215647E3003E1848 /* Products */ = {
			isa = PBXGroup;
			children = (
				514F1BAD215647E3003E1848 /* Easy Browser.app */,
			);
			name = Products;
			sourceTree = "<group>";
		};
		514F1BAF215647E3003E1848 /* Easy Browser */ = {
			isa = PBXGroup;
			children = (
				514F1BB0215647E3003E1848 /* AppDelegate.swift */,
				514F1BB2215647E3003E1848 /* ViewController.swift */,
				514F1BB4215647E3003E1848 /* Main.storyboard */,
				514F1BB7215647E4003E1848 /* Assets.xcassets */,
				514F1BB9215647E4003E1848 /* LaunchScreen.storyboard */,
				514F1BBC215647E4003E1848 /* Info.plist */,
			);
			path = "Easy Browser";
			sourceTree = "<group>";
		};
/* End PBXGroup section */

/* Begin PBXNativeTarget section */
		514F1BAC215647E3003E1848 /* Easy Browser */ = {
			isa = PBXNativeTarget;
			buildConfigurationList = 514F1BBF215647E4003E1848 /* Build configuration list for PBXNativeTarget "Easy Browser" */;
			buildPhases = (
				514F1BA9215647E3003E1848 /* Sources */,
				514F1BAA215647E3003E1848 /* Frameworks */,
				514F1BAB215647E3003E1848 /* Resources */,
			);
			buildRules = (
			);
			dependencies = (
			);
			name = "Easy Browser";
			productName = "Easy Browser";
			productReference = 514F1BAD215647E3003E1848 /* Easy Browser.app */;
			productType = "com.apple.product-type.application";
		};
/* End PBXNativeTarget section */

/* Begin PBXProject section */
		514F1BA5215647E3003E1848 /* Project object */ = {
			isa = PBXProject;
			attributes = {
				LastSwiftUpdateCheck = 0940;
				LastUpgradeCheck = 0940;
				ORGANIZATIONNAME = "Alan Casas";
				TargetAttributes = {
					514F1BAC215647E3003E1848 = {
						CreatedOnToolsVersion = 9.4;
					};
				};
			};
			buildConfigurationList = 514F1BA8215647E3003E1848 /* Build configuration list for PBXProject "Easy Browser" */;
			compatibilityVersion = "Xcode 9.3";
			developmentRegion = en;
			hasScannedForEncodings = 0;
			knownRegions = (
				en,
				Base,
			);
			mainGroup = 514F1BA4215647E3003E1848;
			productRefGroup = 514F1BAE215647E3003E1848 /* Products */;
			projectDirPath = "";
			projectRoot = "";
			targets = (
				514F1BAC215647E3003E1848 /* Easy Browser */,
			);
		};
/* End PBXProject section */

/* Begin PBXResourcesBuildPhase section */
		514F1BAB215647E3003E1848 /* Resources */ = {
			isa = PBXResourcesBuildPhase;
			buildActionMask = 2147483647;
			files = (
				514F1BC321564901003E1848 /* .gitignore in Resources */,
				514F1BBB215647E4003E1848 /* LaunchScreen.storyboard in Resources */,
				514F1BC521564927003E1848 /* README.md in Resources */,
				514F1BB8215647E4003E1848 /* Assets.xcassets in Resources */,
				514F1BB6215647E3003E1848 /* Main.storyboard in Resources */,
			);
			runOnlyForDeploymentPostprocessing = 0;
		};
/* End PBXResourcesBuildPhase section */

/* Begin PBXSourcesBuildPhase section */
		514F1BA9215647E3003E1848 /* Sources */ = {
			isa = PBXSourcesBuildPhase;
			buildActionMask = 2147483647;
			files = (
				514F1BB3215647E3003E1848 /* ViewController.swift in Sources */,
				514F1BB1215647E3003E1848 /* AppDelegate.swift in Sources */,
			);
			runOnlyForDeploymentPostprocessing = 0;
		};
/* End PBXSourcesBuildPhase section */

/* Begin PBXVariantGroup section */
		514F1BB4215647E3003E1848 /* Main.storyboard */ = {
			isa = PBXVariantGroup;
			children = (
				514F1BB5215647E3003E1848 /* Base */,
			);
			name = Main.storyboard;
			sourceTree = "<group>";
		};
		514F1BB9215647E4003E1848 /* LaunchScreen.storyboard */ = {
			isa = PBXVariantGroup;
			children = (
				514F1BBA215647E4003E1848 /* Base */,
			);
			name = LaunchScreen.storyboard;
			sourceTree = "<group>";
		};
/* End PBXVariantGroup section */

/* Begin XCBuildConfiguration section */
		514F1BBD215647E4003E1848 /* Debug */ = {
			isa = XCBuildConfiguration;
			buildSettings = {
				ALWAYS_SEARCH_USER_PATHS = NO;
				CLANG_ANALYZER_NONNULL = YES;
				CLANG_ANALYZER_NUMBER_OBJECT_CONVERSION = YES_AGGRESSIVE;
				CLANG_CXX_LANGUAGE_STANDARD = "gnu++14";
				CLANG_CXX_LIBRARY = "libc++";
				CLANG_ENABLE_MODULES = YES;
				CLANG_ENABLE_OBJC_ARC = YES;
				CLANG_ENABLE_OBJC_WEAK = YES;
				CLANG_WARN_BLOCK_CAPTURE_AUTORELEASING = YES;
				CLANG_WARN_BOOL_CONVERSION = YES;
				CLANG_WARN_COMMA = YES;
				CLANG_WARN_CONSTANT_CONVERSION = YES;
				CLANG_WARN_DEPRECATED_OBJC_IMPLEMENTATIONS = YES;
				CLANG_WARN_DIRECT_OBJC_ISA_USAGE = YES_ERROR;
				CLANG_WARN_DOCUMENTATION_COMMENTS = YES;
				CLANG_WARN_EMPTY_BODY = YES;
				CLANG_WARN_ENUM_CONVERSION = YES;
				CLANG_WARN_INFINITE_RECURSION = YES;
				CLANG_WARN_INT_CONVERSION = YES;
				CLANG_WARN_NON_LITERAL_NULL_CONVERSION = YES;
				CLANG_WARN_OBJC_IMPLICIT_RETAIN_SELF = YES;
				CLANG_WARN_OBJC_LITERAL_CONVERSION = YES;
				CLANG_WARN_OBJC_ROOT_CLASS = YES_ERROR;
				CLANG_WARN_RANGE_LOOP_ANALYSIS = YES;
				CLANG_WARN_STRICT_PROTOTYPES = YES;
				CLANG_WARN_SUSPICIOUS_MOVE = YES;
				CLANG_WARN_UNGUARDED_AVAILABILITY = YES_AGGRESSIVE;
				CLANG_WARN_UNREACHABLE_CODE = YES;
				CLANG_WARN__DUPLICATE_METHOD_MATCH = YES;
				CODE_SIGN_IDENTITY = "iPhone Developer";
				COPY_PHASE_STRIP = NO;
				DEBUG_INFORMATION_FORMAT = dwarf;
				ENABLE_STRICT_OBJC_MSGSEND = YES;
				ENABLE_TESTABILITY = YES;
				GCC_C_LANGUAGE_STANDARD = gnu11;
				GCC_DYNAMIC_NO_PIC = NO;
				GCC_NO_COMMON_BLOCKS = YES;
				GCC_OPTIMIZATION_LEVEL = 0;
				GCC_PREPROCESSOR_DEFINITIONS = (
					"DEBUG=1",
					"$(inherited)",
				);
				GCC_WARN_64_TO_32_BIT_CONVERSION = YES;
				GCC_WARN_ABOUT_RETURN_TYPE = YES_ERROR;
				GCC_WARN_UNDECLARED_SELECTOR = YES;
				GCC_WARN_UNINITIALIZED_AUTOS = YES_AGGRESSIVE;
				GCC_WARN_UNUSED_FUNCTION = YES;
				GCC_WARN_UNUSED_VARIABLE = YES;
				IPHONEOS_DEPLOYMENT_TARGET = 11.4;
				MTL_ENABLE_DEBUG_INFO = YES;
				ONLY_ACTIVE_ARCH = YES;
				SDKROOT = iphoneos;
				SWIFT_ACTIVE_COMPILATION_CONDITIONS = DEBUG;
				SWIFT_OPTIMIZATION_LEVEL = "-Onone";
			};
			name = Debug;
		};
		514F1BBE215647E4003E1848 /* Release */ = {
			isa = XCBuildConfiguration;
			buildSettings = {
				ALWAYS_SEARCH_USER_PATHS = NO;
				CLANG_ANALYZER_NONNULL = YES;
				CLANG_ANALYZER_NUMBER_OBJECT_CONVERSION = YES_AGGRESSIVE;
				CLANG_CXX_LANGUAGE_STANDARD = "gnu++14";
				CLANG_CXX_LIBRARY = "libc++";
				CLANG_ENABLE_MODULES = YES;
				CLANG_ENABLE_OBJC_ARC = YES;
				CLANG_ENABLE_OBJC_WEAK = YES;
				CLANG_WARN_BLOCK_CAPTURE_AUTORELEASING = YES;
				CLANG_WARN_BOOL_CONVERSION = YES;
				CLANG_WARN_COMMA = YES;
				CLANG_WARN_CONSTANT_CONVERSION = YES;
				CLANG_WARN_DEPRECATED_OBJC_IMPLEMENTATIONS = YES;
				CLANG_WARN_DIRECT_OBJC_ISA_USAGE = YES_ERROR;
				CLANG_WARN_DOCUMENTATION_COMMENTS = YES;
				CLANG_WARN_EMPTY_BODY = YES;
				CLANG_WARN_ENUM_CONVERSION = YES;
				CLANG_WARN_INFINITE_RECURSION = YES;
				CLANG_WARN_INT_CONVERSION = YES;
				CLANG_WARN_NON_LITERAL_NULL_CONVERSION = YES;
				CLANG_WARN_OBJC_IMPLICIT_RETAIN_SELF = YES;
				CLANG_WARN_OBJC_LITERAL_CONVERSION = YES;
				CLANG_WARN_OBJC_ROOT_CLASS = YES_ERROR;
				CLANG_WARN_RANGE_LOOP_ANALYSIS = YES;
				CLANG_WARN_STRICT_PROTOTYPES = YES;
				CLANG_WARN_SUSPICIOUS_MOVE = YES;
				CLANG_WARN_UNGUARDED_AVAILABILITY = YES_AGGRESSIVE;
				CLANG_WARN_UNREACHABLE_CODE = YES;
				CLANG_WARN__DUPLICATE_METHOD_MATCH = YES;
				CODE_SIGN_IDENTITY = "iPhone Developer";
				COPY_PHASE_STRIP = NO;
				DEBUG_INFORMATION_FORMAT = "dwarf-with-dsym";
				ENABLE_NS_ASSERTIONS = NO;
				ENABLE_STRICT_OBJC_MSGSEND = YES;
				GCC_C_LANGUAGE_STANDARD = gnu11;
				GCC_NO_COMMON_BLOCKS = YES;
				GCC_WARN_64_TO_32_BIT_CONVERSION = YES;
				GCC_WARN_ABOUT_RETURN_TYPE = YES_ERROR;
				GCC_WARN_UNDECLARED_SELECTOR = YES;
				GCC_WARN_UNINITIALIZED_AUTOS = YES_AGGRESSIVE;
				GCC_WARN_UNUSED_FUNCTION = YES;
				GCC_WARN_UNUSED_VARIABLE = YES;
				IPHONEOS_DEPLOYMENT_TARGET = 11.4;
				MTL_ENABLE_DEBUG_INFO = NO;
				SDKROOT = iphoneos;
				SWIFT_COMPILATION_MODE = wholemodule;
				SWIFT_OPTIMIZATION_LEVEL = "-O";
				VALIDATE_PRODUCT = YES;
			};
			name = Release;
		};
		514F1BC0215647E4003E1848 /* Debug */ = {
			isa = XCBuildConfiguration;
			buildSettings = {
				ASSETCATALOG_COMPILER_APPICON_NAME = AppIcon;
				CODE_SIGN_STYLE = Automatic;
				DEVELOPMENT_TEAM = 5J2G4846S8;
				INFOPLIST_FILE = "Easy Browser/Info.plist";
				LD_RUNPATH_SEARCH_PATHS = (
					"$(inherited)",
					"@executable_path/Frameworks",
				);
				PRODUCT_BUNDLE_IDENTIFIER = "com.alancasasarevalo-gmail.Easy-Browser";
				PRODUCT_NAME = "$(TARGET_NAME)";
				SWIFT_VERSION = 4.0;
				TARGETED_DEVICE_FAMILY = "1,2";
			};
			name = Debug;
		};
		514F1BC1215647E4003E1848 /* Release */ = {
			isa = XCBuildConfiguration;
			buildSettings = {
				ASSETCATALOG_COMPILER_APPICON_NAME = AppIcon;
				CODE_SIGN_STYLE = Automatic;
				DEVELOPMENT_TEAM = 5J2G4846S8;
				INFOPLIST_FILE = "Easy Browser/Info.plist";
				LD_RUNPATH_SEARCH_PATHS = (
					"$(inherited)",
					"@executable_path/Frameworks",
				);
				PRODUCT_BUNDLE_IDENTIFIER = "com.alancasasarevalo-gmail.Easy-Browser";
				PRODUCT_NAME = "$(TARGET_NAME)";
				SWIFT_VERSION = 4.0;
				TARGETED_DEVICE_FAMILY = "1,2";
			};
			name = Release;
		};
/* End XCBuildConfiguration section */

/* Begin XCConfigurationList section */
		514F1BA8215647E3003E1848 /* Build configuration list for PBXProject "Easy Browser" */ = {
			isa = XCConfigurationList;
			buildConfigurations = (
				514F1BBD215647E4003E1848 /* Debug */,
				514F1BBE215647E4003E1848 /* Release */,
			);
			defaultConfigurationIsVisible = 0;
			defaultConfigurationName = Release;
		};
		514F1BBF215647E4003E1848 /* Build configuration list for PBXNativeTarget "Easy Browser" */ = {
			isa = XCConfigurationList;
			buildConfigurations = (
				514F1BC0215647E4003E1848 /* Debug */,
				514F1BC1215647E4003E1848 /* Release */,
			);
			defaultConfigurationIsVisible = 0;
			defaultConfigurationName = Release;
		};
/* End XCConfigurationList section */
	};
	rootObject = 514F1BA5215647E3003E1848 /* Project object */;
}
